
Microsoft Visual Studio Solution File, Format Version 12.00
# Visual Studio Version 17
VisualStudioVersion = 17.11.35208.52
MinimumVisualStudioVersion = 10.0.40219.1
Project("{9A19103F-16F7-4668-BE54-9A1E7A4F7556}") = "DeltaFour.Domain", "DeltaFour.Domain\DeltaFour.Domain.csproj", "{0D564968-82E8-4F6F-A407-787BE2B2F42D}"
EndProject
Project("{9A19103F-16F7-4668-BE54-9A1E7A4F7556}") = "DeltaFour.Infrastructure", "DeltaFour.Infrastructure\DeltaFour.Infrastructure.csproj", "{76972877-23A2-49F9-B543-3AB4B721C280}"
EndProject
Project("{9A19103F-16F7-4668-BE54-9A1E7A4F7556}") = "DeltaFour.Application", "DeltaFour.Application\DeltaFour.Application.csproj", "{90479C74-BE27-4EB6-BD87-4CCDEDD54B46}"
EndProject
Project("{9A19103F-16F7-4668-BE54-9A1E7A4F7556}") = "DeltaFour.API", "DeltaFour.API\DeltaFour.API.csproj", "{6D1349AA-DEE2-411D-88DD-7FCB2BEF70FD}"
EndProject
Project("{9A19103F-16F7-4668-BE54-9A1E7A4F7556}") = "DeltaFour.Test", "DeltaFour.Test\DeltaFour.Test.csproj", "{4CB98AF7-EFAD-430D-B32E-1BA6FC3C9C4E}"
EndProject
Project("{FAE04EC0-301F-11D3-BF4B-00C04F79EFBC}") = "DeltaFour.CrossCutting", "DeltaFour.CrossCutting\DeltaFour.CrossCutting.csproj", "{0041050F-0CD1-4881-835C-C449F38D2F55}"
EndProject
Global
	GlobalSection(SolutionConfigurationPlatforms) = preSolution
		Debug|Any CPU = Debug|Any CPU
		Release|Any CPU = Release|Any CPU
	EndGlobalSection
	GlobalSection(ProjectConfigurationPlatforms) = postSolution
		{0D564968-82E8-4F6F-A407-787BE2B2F42D}.Debug|Any CPU.ActiveCfg = Debug|Any CPU
		{0D564968-82E8-4F6F-A407-787BE2B2F42D}.Debug|Any CPU.Build.0 = Debug|Any CPU
		{0D564968-82E8-4F6F-A407-787BE2B2F42D}.Release|Any CPU.ActiveCfg = Release|Any CPU
		{0D564968-82E8-4F6F-A407-787BE2B2F42D}.Release|Any CPU.Build.0 = Release|Any CPU
		{76972877-23A2-49F9-B543-3AB4B721C280}.Debug|Any CPU.ActiveCfg = Debug|Any CPU
		{76972877-23A2-49F9-B543-3AB4B721C280}.Debug|Any CPU.Build.0 = Debug|Any CPU
		{76972877-23A2-49F9-B543-3AB4B721C280}.Release|Any CPU.ActiveCfg = Release|Any CPU
		{76972877-23A2-49F9-B543-3AB4B721C280}.Release|Any CPU.Build.0 = Release|Any CPU
		{90479C74-BE27-4EB6-BD87-4CCDEDD54B46}.Debug|Any CPU.ActiveCfg = Debug|Any CPU
		{90479C74-BE27-4EB6-BD87-4CCDEDD54B46}.Debug|Any CPU.Build.0 = Debug|Any CPU
		{90479C74-BE27-4EB6-BD87-4CCDEDD54B46}.Release|Any CPU.ActiveCfg = Release|Any CPU
		{90479C74-BE27-4EB6-BD87-4CCDEDD54B46}.Release|Any CPU.Build.0 = Release|Any CPU
		{6D1349AA-DEE2-411D-88DD-7FCB2BEF70FD}.Debug|Any CPU.ActiveCfg = Debug|Any CPU
		{6D1349AA-DEE2-411D-88DD-7FCB2BEF70FD}.Debug|Any CPU.Build.0 = Debug|Any CPU
		{6D1349AA-DEE2-411D-88DD-7FCB2BEF70FD}.Release|Any CPU.ActiveCfg = Release|Any CPU
		{6D1349AA-DEE2-411D-88DD-7FCB2BEF70FD}.Release|Any CPU.Build.0 = Release|Any CPU
		{4CB98AF7-EFAD-430D-B32E-1BA6FC3C9C4E}.Debug|Any CPU.ActiveCfg = Debug|Any CPU
		{4CB98AF7-EFAD-430D-B32E-1BA6FC3C9C4E}.Debug|Any CPU.Build.0 = Debug|Any CPU
		{4CB98AF7-EFAD-430D-B32E-1BA6FC3C9C4E}.Release|Any CPU.ActiveCfg = Release|Any CPU
		{4CB98AF7-EFAD-430D-B32E-1BA6FC3C9C4E}.Release|Any CPU.Build.0 = Release|Any CPU
		{0041050F-0CD1-4881-835C-C449F38D2F55}.Debug|Any CPU.ActiveCfg = Debug|Any CPU
		{0041050F-0CD1-4881-835C-C449F38D2F55}.Debug|Any CPU.Build.0 = Debug|Any CPU
		{0041050F-0CD1-4881-835C-C449F38D2F55}.Release|Any CPU.ActiveCfg = Release|Any CPU
		{0041050F-0CD1-4881-835C-C449F38D2F55}.Release|Any CPU.Build.0 = Release|Any CPU
	EndGlobalSection
	GlobalSection(SolutionProperties) = preSolution
		HideSolutionNode = FALSE
	EndGlobalSection
	GlobalSection(ExtensibilityGlobals) = postSolution
		SolutionGuid = {F3681B5F-B655-416C-90EA-DC4DE491DD0B}
	EndGlobalSection
EndGlobal
